# This file is automatically @generated by Cargo.
# It is not intended for manual editing.
version = 3

[[package]]
name = "adler"
version = "1.0.2"
source = "registry+https://github.com/rust-lang/crates.io-index"
checksum = "f26201604c87b1e01bd3d98f8d5d9a8fcbb815e8cedb41ffccbeb4bf593a35fe"

[[package]]
name = "ahash"
version = "0.7.6"
source = "registry+https://github.com/rust-lang/crates.io-index"
checksum = "fcb51a0695d8f838b1ee009b3fbf66bda078cd64590202a864a8f3e8c4315c47"
dependencies = [
 "getrandom",
 "once_cell",
 "version_check",
]

[[package]]
name = "arbitrary"
version = "0.4.7"
source = "registry+https://github.com/rust-lang/crates.io-index"
checksum = "db55d72333851e17d572bec876e390cd3b11eb1ef53ae821dd9f3b653d2b4569"

[[package]]
name = "async-channel"
version = "1.6.1"
source = "registry+https://github.com/rust-lang/crates.io-index"
checksum = "2114d64672151c0c5eaa5e131ec84a74f06e1e559830dabba01ca30605d66319"
dependencies = [
 "concurrent-queue",
 "event-listener",
 "futures-core",
]

[[package]]
name = "async-executor"
version = "1.4.1"
source = "registry+https://github.com/rust-lang/crates.io-index"
checksum = "871f9bb5e0a22eeb7e8cf16641feb87c9dc67032ccf8ff49e772eb9941d3a965"
dependencies = [
 "async-task",
 "concurrent-queue",
 "fastrand",
 "futures-lite",
 "once_cell",
 "slab",
]

[[package]]
name = "async-fs"
version = "1.5.0"
source = "registry+https://github.com/rust-lang/crates.io-index"
checksum = "8b3ca4f8ff117c37c278a2f7415ce9be55560b846b5bc4412aaa5d29c1c3dae2"
dependencies = [
 "async-lock",
 "blocking",
 "futures-lite",
]

[[package]]
name = "async-io"
version = "1.7.0"
source = "registry+https://github.com/rust-lang/crates.io-index"
checksum = "e5e18f61464ae81cde0a23e713ae8fd299580c54d697a35820cfd0625b8b0e07"
dependencies = [
 "concurrent-queue",
 "futures-lite",
 "libc",
 "log",
 "once_cell",
 "parking",
 "polling",
 "slab",
 "socket2",
 "waker-fn",
 "winapi 0.3.9",
]

[[package]]
name = "async-lock"
version = "2.5.0"
source = "registry+https://github.com/rust-lang/crates.io-index"
checksum = "e97a171d191782fba31bb902b14ad94e24a68145032b7eedf871ab0bc0d077b6"
dependencies = [
 "event-listener",
]

[[package]]
name = "async-net"
version = "1.6.1"
source = "registry+https://github.com/rust-lang/crates.io-index"
checksum = "5373304df79b9b4395068fb080369ec7178608827306ce4d081cba51cac551df"
dependencies = [
 "async-io",
 "blocking",
 "futures-lite",
]

[[package]]
name = "async-process"
version = "1.4.0"
source = "registry+https://github.com/rust-lang/crates.io-index"
checksum = "cf2c06e30a24e8c78a3987d07f0930edf76ef35e027e7bdb063fccafdad1f60c"
dependencies = [
 "async-io",
 "blocking",
 "cfg-if 1.0.0",
 "event-listener",
 "futures-lite",
 "libc",
 "once_cell",
 "signal-hook",
 "winapi 0.3.9",
]

[[package]]
name = "async-stream"
version = "0.3.3"
source = "registry+https://github.com/rust-lang/crates.io-index"
checksum = "dad5c83079eae9969be7fadefe640a1c566901f05ff91ab221de4b6f68d9507e"
dependencies = [
 "async-stream-impl",
 "futures-core",
]

[[package]]
name = "async-stream-impl"
version = "0.3.3"
source = "registry+https://github.com/rust-lang/crates.io-index"
checksum = "10f203db73a71dfa2fb6dd22763990fa26f3d2625a6da2da900d23b87d26be27"
dependencies = [
 "proc-macro2",
 "quote",
 "syn",
]

[[package]]
name = "async-task"
version = "4.3.0"
source = "registry+https://github.com/rust-lang/crates.io-index"
checksum = "7a40729d2133846d9ed0ea60a8b9541bccddab49cd30f0715a1da672fe9a2524"

[[package]]
name = "atomic-waker"
version = "1.0.0"
source = "registry+https://github.com/rust-lang/crates.io-index"
checksum = "065374052e7df7ee4047b1160cca5e1467a12351a40b3da123c870ba0b8eda2a"

[[package]]
name = "autocfg"
version = "1.1.0"
source = "registry+https://github.com/rust-lang/crates.io-index"
checksum = "d468802bab17cbc0cc575e9b053f41e72aa36bfa6b7f55e3529ffa43161b97fa"

[[package]]
name = "base64"
version = "0.13.0"
source = "registry+https://github.com/rust-lang/crates.io-index"
checksum = "904dfeac50f3cdaba28fc6f57fdcddb75f49ed61346676a78c4ffe55877802fd"

[[package]]
name = "bincode"
version = "1.3.3"
source = "registry+https://github.com/rust-lang/crates.io-index"
checksum = "b1f45e9417d87227c7a56d22e471c6206462cba514c7590c09aff4cf6d1ddcad"
dependencies = [
 "serde",
]

[[package]]
name = "bitflags"
version = "1.3.2"
source = "registry+https://github.com/rust-lang/crates.io-index"
checksum = "bef38d45163c2f1dde094a7dfd33ccf595c92905c8f8f4fdc18d06fb1037718a"

[[package]]
name = "blocking"
version = "1.2.0"
source = "registry+https://github.com/rust-lang/crates.io-index"
checksum = "c6ccb65d468978a086b69884437ded69a90faab3bbe6e67f242173ea728acccc"
dependencies = [
 "async-channel",
 "async-task",
 "atomic-waker",
 "fastrand",
 "futures-lite",
 "once_cell",
]

[[package]]
name = "cache-padded"
version = "1.2.0"
source = "registry+https://github.com/rust-lang/crates.io-index"
checksum = "c1db59621ec70f09c5e9b597b220c7a2b43611f4710dc03ceb8748637775692c"

[[package]]
name = "cc"
version = "1.0.73"
source = "registry+https://github.com/rust-lang/crates.io-index"
checksum = "2fff2a6927b3bb87f9595d67196a70493f627687a71d87a0d692242c33f58c11"

[[package]]
name = "cfg-if"
version = "0.1.10"
source = "registry+https://github.com/rust-lang/crates.io-index"
checksum = "4785bdd1c96b2a846b2bd7cc02e86b6b3dbf14e7e53446c4f54c92a361040822"

[[package]]
name = "cfg-if"
version = "1.0.0"
source = "registry+https://github.com/rust-lang/crates.io-index"
checksum = "baf1de4339761588bc0619e3cbc0120ee582ebb74b53b4efbf79117bd2da40fd"

[[package]]
name = "concurrent-queue"
version = "1.2.4"
source = "registry+https://github.com/rust-lang/crates.io-index"
checksum = "af4780a44ab5696ea9e28294517f1fffb421a83a25af521333c838635509db9c"
dependencies = [
 "cache-padded",
]

[[package]]
name = "core-foundation"
version = "0.9.3"
source = "registry+https://github.com/rust-lang/crates.io-index"
checksum = "194a7a9e6de53fa55116934067c844d9d749312f75c6f6d0980e8c252f8c2146"
dependencies = [
 "core-foundation-sys",
 "libc",
]

[[package]]
name = "core-foundation-sys"
version = "0.8.3"
source = "registry+https://github.com/rust-lang/crates.io-index"
checksum = "5827cebf4670468b8772dd191856768aedcb1b0278a04f989f7766351917b9dc"

[[package]]
name = "crc32fast"
version = "1.3.2"
source = "registry+https://github.com/rust-lang/crates.io-index"
checksum = "b540bd8bc810d3885c6ea91e2018302f68baba2129ab3e88f32389ee9370880d"
dependencies = [
 "cfg-if 1.0.0",
]

[[package]]
name = "data-encoding"
version = "2.3.2"
source = "registry+https://github.com/rust-lang/crates.io-index"
checksum = "3ee2393c4a91429dffb4bedf19f4d6abf27d8a732c8ce4980305d782e5426d57"

[[package]]
name = "dirs"
version = "4.0.0"
source = "registry+https://github.com/rust-lang/crates.io-index"
checksum = "ca3aa72a6f96ea37bbc5aa912f6788242832f75369bdfdadcb0e38423f100059"
dependencies = [
 "dirs-sys",
]

[[package]]
name = "dirs-sys"
version = "0.3.7"
source = "registry+https://github.com/rust-lang/crates.io-index"
checksum = "1b1d1d91c932ef41c0f2663aa8b0ca0342d444d842c06914aa0a7e352d0bada6"
dependencies = [
 "libc",
 "redox_users",
 "winapi 0.3.9",
]

[[package]]
name = "encoding"
version = "0.2.33"
source = "registry+https://github.com/rust-lang/crates.io-index"
checksum = "6b0d943856b990d12d3b55b359144ff341533e516d94098b1d3fc1ac666d36ec"
dependencies = [
 "encoding-index-japanese",
 "encoding-index-korean",
 "encoding-index-simpchinese",
 "encoding-index-singlebyte",
 "encoding-index-tradchinese",
]

[[package]]
name = "encoding-index-japanese"
version = "1.20141219.5"
source = "registry+https://github.com/rust-lang/crates.io-index"
checksum = "04e8b2ff42e9a05335dbf8b5c6f7567e5591d0d916ccef4e0b1710d32a0d0c91"
dependencies = [
 "encoding_index_tests",
]

[[package]]
name = "encoding-index-korean"
version = "1.20141219.5"
source = "registry+https://github.com/rust-lang/crates.io-index"
checksum = "4dc33fb8e6bcba213fe2f14275f0963fd16f0a02c878e3095ecfdf5bee529d81"
dependencies = [
 "encoding_index_tests",
]

[[package]]
name = "encoding-index-simpchinese"
version = "1.20141219.5"
source = "registry+https://github.com/rust-lang/crates.io-index"
checksum = "d87a7194909b9118fc707194baa434a4e3b0fb6a5a757c73c3adb07aa25031f7"
dependencies = [
 "encoding_index_tests",
]

[[package]]
name = "encoding-index-singlebyte"
version = "1.20141219.5"
source = "registry+https://github.com/rust-lang/crates.io-index"
checksum = "3351d5acffb224af9ca265f435b859c7c01537c0849754d3db3fdf2bfe2ae84a"
dependencies = [
 "encoding_index_tests",
]

[[package]]
name = "encoding-index-tradchinese"
version = "1.20141219.5"
source = "registry+https://github.com/rust-lang/crates.io-index"
checksum = "fd0e20d5688ce3cab59eb3ef3a2083a5c77bf496cb798dc6fcdb75f323890c18"
dependencies = [
 "encoding_index_tests",
]

[[package]]
name = "encoding_index_tests"
version = "0.1.4"
source = "registry+https://github.com/rust-lang/crates.io-index"
checksum = "a246d82be1c9d791c5dfde9a2bd045fc3cbba3fa2b11ad558f27d01712f00569"

[[package]]
name = "event-listener"
version = "2.5.3"
source = "registry+https://github.com/rust-lang/crates.io-index"
checksum = "0206175f82b8d6bf6652ff7d71a1e27fd2e4efde587fd368662814d6ec1d9ce0"

[[package]]
name = "fallible-iterator"
version = "0.2.0"
source = "registry+https://github.com/rust-lang/crates.io-index"
checksum = "4443176a9f2c162692bd3d352d745ef9413eec5782a80d8fd6f8a1ac692a07f7"

[[package]]
name = "fallible-streaming-iterator"
version = "0.1.9"
source = "registry+https://github.com/rust-lang/crates.io-index"
checksum = "7360491ce676a36bf9bb3c56c1aa791658183a54d2744120f27285738d90465a"

[[package]]
name = "fastrand"
version = "1.8.0"
source = "registry+https://github.com/rust-lang/crates.io-index"
checksum = "a7a407cfaa3385c4ae6b23e84623d48c2798d06e3e6a1878f7f59f17b3f86499"
dependencies = [
 "instant",
]

[[package]]
name = "filetime"
version = "0.2.17"
source = "registry+https://github.com/rust-lang/crates.io-index"
checksum = "e94a7bbaa59354bc20dd75b67f23e2797b4490e9d6928203fb105c79e448c86c"
dependencies = [
 "cfg-if 1.0.0",
 "libc",
 "redox_syscall",
 "windows-sys",
]

[[package]]
name = "flate2"
version = "1.0.24"
source = "registry+https://github.com/rust-lang/crates.io-index"
checksum = "f82b0f4c27ad9f8bfd1f3208d882da2b09c301bc1c828fd3a00d0216d2fbbff6"
dependencies = [
 "crc32fast",
 "miniz_oxide",
]

[[package]]
name = "foreign-types"
version = "0.3.2"
source = "registry+https://github.com/rust-lang/crates.io-index"
checksum = "f6f339eb8adc052cd2ca78910fda869aefa38d22d5cb648e6485e4d3fc06f3b1"
dependencies = [
 "foreign-types-shared",
]

[[package]]
name = "foreign-types-shared"
version = "0.1.1"
source = "registry+https://github.com/rust-lang/crates.io-index"
checksum = "00b0228411908ca8685dba7fc2cdd70ec9990a6e753e89b6ac91a84c40fbaf4b"

[[package]]
name = "fsevent"
version = "0.4.0"
source = "registry+https://github.com/rust-lang/crates.io-index"
checksum = "5ab7d1bd1bd33cc98b0889831b72da23c0aa4df9cec7e0702f46ecea04b35db6"
dependencies = [
 "bitflags",
 "fsevent-sys",
]

[[package]]
name = "fsevent-sys"
version = "2.0.1"
source = "registry+https://github.com/rust-lang/crates.io-index"
checksum = "f41b048a94555da0f42f1d632e2e19510084fb8e303b0daa2816e733fb3644a0"
dependencies = [
 "libc",
]

[[package]]
name = "fuchsia-zircon"
version = "0.3.3"
source = "registry+https://github.com/rust-lang/crates.io-index"
checksum = "2e9763c69ebaae630ba35f74888db465e49e259ba1bc0eda7d06f4a067615d82"
dependencies = [
 "bitflags",
 "fuchsia-zircon-sys",
]

[[package]]
name = "fuchsia-zircon-sys"
version = "0.3.3"
source = "registry+https://github.com/rust-lang/crates.io-index"
checksum = "3dcaa9ae7725d12cdb85b3ad99a434db70b468c09ded17e012d86b5c1010f7a7"

[[package]]
name = "futures"
version = "0.3.21"
source = "registry+https://github.com/rust-lang/crates.io-index"
checksum = "f73fe65f54d1e12b726f517d3e2135ca3125a437b6d998caf1962961f7172d9e"
dependencies = [
 "futures-channel",
 "futures-core",
 "futures-executor",
 "futures-io",
 "futures-sink",
 "futures-task",
 "futures-util",
]

[[package]]
name = "futures-channel"
version = "0.3.21"
source = "registry+https://github.com/rust-lang/crates.io-index"
checksum = "c3083ce4b914124575708913bca19bfe887522d6e2e6d0952943f5eac4a74010"
dependencies = [
 "futures-core",
 "futures-sink",
]

[[package]]
name = "futures-core"
version = "0.3.21"
source = "registry+https://github.com/rust-lang/crates.io-index"
checksum = "0c09fd04b7e4073ac7156a9539b57a484a8ea920f79c7c675d05d289ab6110d3"

[[package]]
name = "futures-executor"
version = "0.3.21"
source = "registry+https://github.com/rust-lang/crates.io-index"
checksum = "9420b90cfa29e327d0429f19be13e7ddb68fa1cccb09d65e5706b8c7a749b8a6"
dependencies = [
 "futures-core",
 "futures-task",
 "futures-util",
]

[[package]]
name = "futures-io"
version = "0.3.21"
source = "registry+https://github.com/rust-lang/crates.io-index"
checksum = "fc4045962a5a5e935ee2fdedaa4e08284547402885ab326734432bed5d12966b"

[[package]]
name = "futures-lite"
version = "1.12.0"
source = "registry+https://github.com/rust-lang/crates.io-index"
checksum = "7694489acd39452c77daa48516b894c153f192c3578d5a839b62c58099fcbf48"
dependencies = [
 "fastrand",
 "futures-core",
 "futures-io",
 "memchr",
 "parking",
 "pin-project-lite",
 "waker-fn",
]

[[package]]
name = "futures-macro"
version = "0.3.21"
source = "registry+https://github.com/rust-lang/crates.io-index"
checksum = "33c1e13800337f4d4d7a316bf45a567dbcb6ffe087f16424852d97e97a91f512"
dependencies = [
 "proc-macro2",
 "quote",
 "syn",
]

[[package]]
name = "futures-sink"
version = "0.3.21"
source = "registry+https://github.com/rust-lang/crates.io-index"
checksum = "21163e139fa306126e6eedaf49ecdb4588f939600f0b1e770f4205ee4b7fa868"

[[package]]
name = "futures-task"
version = "0.3.21"
source = "registry+https://github.com/rust-lang/crates.io-index"
checksum = "57c66a976bf5909d801bbef33416c41372779507e7a6b3a5e25e4749c58f776a"

[[package]]
name = "futures-util"
version = "0.3.21"
source = "registry+https://github.com/rust-lang/crates.io-index"
checksum = "d8b7abd5d659d9b90c8cba917f6ec750a74e2dc23902ef9cd4cc8c8b22e6036a"
dependencies = [
 "futures-channel",
 "futures-core",
 "futures-io",
 "futures-macro",
 "futures-sink",
 "futures-task",
 "memchr",
 "pin-project-lite",
 "pin-utils",
 "slab",
]

[[package]]
name = "getrandom"
version = "0.2.7"
source = "registry+https://github.com/rust-lang/crates.io-index"
checksum = "4eb1a864a501629691edf6c15a593b7a51eebaa1e8468e9ddc623de7c9b58ec6"
dependencies = [
 "cfg-if 1.0.0",
 "libc",
 "wasi",
]

[[package]]
name = "hashbrown"
version = "0.11.2"
source = "registry+https://github.com/rust-lang/crates.io-index"
checksum = "ab5ef0d4909ef3724cc8cce6ccc8572c5c817592e9285f5464f8e86f8bd3726e"
dependencies = [
 "ahash",
]

[[package]]
name = "hashbrown"
version = "0.12.3"
source = "registry+https://github.com/rust-lang/crates.io-index"
checksum = "8a9ee70c43aaf417c914396645a0fa852624801b24ebb7ae78fe8272889ac888"

[[package]]
name = "hashlink"
version = "0.7.0"
source = "registry+https://github.com/rust-lang/crates.io-index"
checksum = "7249a3129cbc1ffccd74857f81464a323a152173cdb134e0fd81bc803b29facf"
dependencies = [
 "hashbrown 0.11.2",
]

[[package]]
name = "indexmap"
version = "1.9.1"
source = "registry+https://github.com/rust-lang/crates.io-index"
checksum = "10a35a97730320ffe8e2d410b5d3b69279b98d2c14bdb8b70ea89ecf7888d41e"
dependencies = [
 "autocfg",
 "hashbrown 0.12.3",
 "serde",
]

[[package]]
name = "inotify"
version = "0.7.1"
source = "registry+https://github.com/rust-lang/crates.io-index"
checksum = "4816c66d2c8ae673df83366c18341538f234a26d65a9ecea5c348b453ac1d02f"
dependencies = [
 "bitflags",
 "inotify-sys",
 "libc",
]

[[package]]
name = "inotify-sys"
version = "0.1.5"
source = "registry+https://github.com/rust-lang/crates.io-index"
checksum = "e05c02b5e89bff3b946cedeca278abc628fe811e604f027c45a8aa3cf793d0eb"
dependencies = [
 "libc",
]

[[package]]
name = "instant"
version = "0.1.12"
source = "registry+https://github.com/rust-lang/crates.io-index"
checksum = "7a5bbe824c507c5da5956355e86a746d82e0e1464f65d862cc5e71da70e94b2c"
dependencies = [
 "cfg-if 1.0.0",
]

[[package]]
name = "iovec"
version = "0.1.4"
source = "registry+https://github.com/rust-lang/crates.io-index"
checksum = "b2b3ea6ff95e175473f8ffe6a7eb7c00d054240321b84c57051175fe3c1e075e"
dependencies = [
 "libc",
]

[[package]]
name = "kernel32-sys"
version = "0.2.2"
source = "registry+https://github.com/rust-lang/crates.io-index"
checksum = "7507624b29483431c0ba2d82aece8ca6cdba9382bff4ddd0f7490560c056098d"
dependencies = [
 "winapi 0.2.8",
 "winapi-build",
]

[[package]]
name = "lazy_static"
version = "1.4.0"
source = "registry+https://github.com/rust-lang/crates.io-index"
checksum = "e2abad23fbc42b3700f2f279844dc832adb2b2eb069b2df918f455c4e18cc646"

[[package]]
name = "lazycell"
version = "1.3.0"
source = "registry+https://github.com/rust-lang/crates.io-index"
checksum = "830d08ce1d1d941e6b30645f1a0eb5643013d835ce3779a5fc208261dbe10f55"

[[package]]
name = "libc"
version = "0.2.126"
source = "registry+https://github.com/rust-lang/crates.io-index"
checksum = "349d5a591cd28b49e1d1037471617a32ddcda5731b99419008085f72d5a53836"

[[package]]
name = "libfuzzer-sys"
version = "0.3.5"
source = "registry+https://github.com/rust-lang/crates.io-index"
checksum = "fcf184a4b6b274f82a5df6b357da6055d3e82272327bba281c28bbba6f1664ef"
dependencies = [
 "arbitrary",
 "cc",
]

[[package]]
name = "libloading"
version = "0.7.3"
source = "registry+https://github.com/rust-lang/crates.io-index"
checksum = "efbc0f03f9a775e9f6aed295c6a1ba2253c5757a9e03d55c6caa46a681abcddd"
dependencies = [
 "cfg-if 1.0.0",
 "winapi 0.3.9",
]

[[package]]
name = "libsqlite3-sys"
version = "0.24.2"
source = "registry+https://github.com/rust-lang/crates.io-index"
checksum = "898745e570c7d0453cc1fbc4a701eb6c662ed54e8fec8b7d14be137ebeeb9d14"
dependencies = [
 "pkg-config",
 "vcpkg",
]

[[package]]
name = "log"
version = "0.4.17"
source = "registry+https://github.com/rust-lang/crates.io-index"
checksum = "abb12e687cfb44aa40f41fc3978ef76448f9b6038cad6aef4259d3c095a2382e"
dependencies = [
 "cfg-if 1.0.0",
]

[[package]]
name = "melib"
version = "0.7.2"
dependencies = [
 "async-stream",
 "base64",
 "bincode",
 "bitflags",
 "data-encoding",
 "encoding",
 "flate2",
 "futures",
 "indexmap",
 "libc",
 "libloading",
 "native-tls",
 "nix",
 "nom",
 "notify",
 "rusqlite",
 "serde",
 "serde_derive",
 "smallvec",
 "smol",
 "unicode-segmentation",
 "uuid",
 "xdg",
 "xdg-utils",
]

[[package]]
name = "melib-fuzz"
version = "0.0.0"
dependencies = [
 "libfuzzer-sys",
 "melib",
]

[[package]]
name = "memchr"
version = "2.5.0"
source = "registry+https://github.com/rust-lang/crates.io-index"
checksum = "2dffe52ecf27772e601905b7522cb4ef790d2cc203488bbd0e2fe85fcb74566d"

[[package]]
name = "memoffset"
version = "0.6.5"
source = "registry+https://github.com/rust-lang/crates.io-index"
checksum = "5aa361d4faea93603064a027415f07bd8e1d5c88c9fbf68bf56a285428fd79ce"
dependencies = [
 "autocfg",
]

[[package]]
name = "minimal-lexical"
version = "0.2.1"
source = "registry+https://github.com/rust-lang/crates.io-index"
checksum = "68354c5c6bd36d73ff3feceb05efa59b6acb7626617f4962be322a825e61f79a"

[[package]]
name = "miniz_oxide"
version = "0.5.3"
source = "registry+https://github.com/rust-lang/crates.io-index"
checksum = "6f5c75688da582b8ffc1f1799e9db273f32133c49e048f614d22ec3256773ccc"
dependencies = [
 "adler",
]

[[package]]
name = "mio"
version = "0.6.23"
source = "registry+https://github.com/rust-lang/crates.io-index"
checksum = "4afd66f5b91bf2a3bc13fad0e21caedac168ca4c707504e75585648ae80e4cc4"
dependencies = [
 "cfg-if 0.1.10",
 "fuchsia-zircon",
 "fuchsia-zircon-sys",
 "iovec",
 "kernel32-sys",
 "libc",
 "log",
 "miow",
 "net2",
 "slab",
 "winapi 0.2.8",
]

[[package]]
name = "mio-extras"
version = "2.0.6"
source = "registry+https://github.com/rust-lang/crates.io-index"
checksum = "52403fe290012ce777c4626790c8951324a2b9e3316b3143779c72b029742f19"
dependencies = [
 "lazycell",
 "log",
 "mio",
 "slab",
]

[[package]]
name = "miow"
version = "0.2.2"
source = "registry+https://github.com/rust-lang/crates.io-index"
checksum = "ebd808424166322d4a38da87083bfddd3ac4c131334ed55856112eb06d46944d"
dependencies = [
 "kernel32-sys",
 "net2",
 "winapi 0.2.8",
 "ws2_32-sys",
]

[[package]]
name = "native-tls"
version = "0.2.10"
source = "registry+https://github.com/rust-lang/crates.io-index"
checksum = "fd7e2f3618557f980e0b17e8856252eee3c97fa12c54dff0ca290fb6266ca4a9"
dependencies = [
 "lazy_static",
 "libc",
 "log",
 "openssl",
 "openssl-probe",
 "openssl-sys",
 "schannel",
 "security-framework",
 "security-framework-sys",
 "tempfile",
]

[[package]]
name = "net2"
version = "0.2.37"
source = "registry+https://github.com/rust-lang/crates.io-index"
checksum = "391630d12b68002ae1e25e8f974306474966550ad82dac6886fb8910c19568ae"
dependencies = [
 "cfg-if 0.1.10",
 "libc",
 "winapi 0.3.9",
]

[[package]]
name = "nix"
version = "0.24.2"
source = "registry+https://github.com/rust-lang/crates.io-index"
checksum = "195cdbc1741b8134346d515b3a56a1c94b0912758009cfd53f99ea0f57b065fc"
dependencies = [
 "bitflags",
 "cfg-if 1.0.0",
 "libc",
 "memoffset",
]

[[package]]
name = "nom"
version = "7.1.1"
source = "registry+https://github.com/rust-lang/crates.io-index"
checksum = "a8903e5a29a317527874d0402f867152a3d21c908bb0b933e416c65e301d4c36"
dependencies = [
 "memchr",
 "minimal-lexical",
]

[[package]]
name = "notify"
version = "4.0.17"
source = "registry+https://github.com/rust-lang/crates.io-index"
checksum = "ae03c8c853dba7bfd23e571ff0cff7bc9dceb40a4cd684cd1681824183f45257"
dependencies = [
 "bitflags",
 "filetime",
 "fsevent",
 "fsevent-sys",
 "inotify",
 "libc",
 "mio",
 "mio-extras",
 "walkdir",
 "winapi 0.3.9",
]

[[package]]
name = "once_cell"
version = "1.13.0"
source = "registry+https://github.com/rust-lang/crates.io-index"
checksum = "18a6dbe30758c9f83eb00cbea4ac95966305f5a7772f3f42ebfc7fc7eddbd8e1"

[[package]]
name = "openssl"
version = "0.10.41"
source = "registry+https://github.com/rust-lang/crates.io-index"
checksum = "618febf65336490dfcf20b73f885f5651a0c89c64c2d4a8c3662585a70bf5bd0"
dependencies = [
 "bitflags",
 "cfg-if 1.0.0",
 "foreign-types",
 "libc",
 "once_cell",
 "openssl-macros",
 "openssl-sys",
]

[[package]]
name = "openssl-macros"
version = "0.1.0"
source = "registry+https://github.com/rust-lang/crates.io-index"
checksum = "b501e44f11665960c7e7fcf062c7d96a14ade4aa98116c004b2e37b5be7d736c"
dependencies = [
 "proc-macro2",
 "quote",
 "syn",
]

[[package]]
name = "openssl-probe"
version = "0.1.5"
source = "registry+https://github.com/rust-lang/crates.io-index"
checksum = "ff011a302c396a5197692431fc1948019154afc178baf7d8e37367442a4601cf"

[[package]]
name = "openssl-sys"
version = "0.9.75"
source = "registry+https://github.com/rust-lang/crates.io-index"
checksum = "e5f9bd0c2710541a3cda73d6f9ac4f1b240de4ae261065d309dbe73d9dceb42f"
dependencies = [
 "autocfg",
 "cc",
 "libc",
 "pkg-config",
 "vcpkg",
]

[[package]]
name = "parking"
version = "2.0.0"
source = "registry+https://github.com/rust-lang/crates.io-index"
checksum = "427c3892f9e783d91cc128285287e70a59e206ca452770ece88a76f7a3eddd72"

[[package]]
name = "pin-project-lite"
version = "0.2.9"
source = "registry+https://github.com/rust-lang/crates.io-index"
checksum = "e0a7ae3ac2f1173085d398531c705756c94a4c56843785df85a60c1a0afac116"

[[package]]
name = "pin-utils"
version = "0.1.0"
source = "registry+https://github.com/rust-lang/crates.io-index"
checksum = "8b870d8c151b6f2fb93e84a13146138f05d02ed11c7e7c54f8826aaaf7c9f184"

[[package]]
name = "pkg-config"
version = "0.3.25"
source = "registry+https://github.com/rust-lang/crates.io-index"
checksum = "1df8c4ec4b0627e53bdf214615ad287367e482558cf84b109250b37464dc03ae"

[[package]]
name = "polling"
version = "2.2.0"
source = "registry+https://github.com/rust-lang/crates.io-index"
checksum = "685404d509889fade3e86fe3a5803bca2ec09b0c0778d5ada6ec8bf7a8de5259"
dependencies = [
 "cfg-if 1.0.0",
 "libc",
 "log",
 "wepoll-ffi",
 "winapi 0.3.9",
]

[[package]]
name = "proc-macro2"
version = "1.0.42"
source = "registry+https://github.com/rust-lang/crates.io-index"
checksum = "c278e965f1d8cf32d6e0e96de3d3e79712178ae67986d9cf9151f51e95aac89b"
dependencies = [
 "unicode-ident",
]

[[package]]
name = "quote"
version = "1.0.20"
source = "registry+https://github.com/rust-lang/crates.io-index"
checksum = "3bcdf212e9776fbcb2d23ab029360416bb1706b1aea2d1a5ba002727cbcab804"
dependencies = [
 "proc-macro2",
]

[[package]]
name = "redox_syscall"
version = "0.2.16"
source = "registry+https://github.com/rust-lang/crates.io-index"
checksum = "fb5a58c1855b4b6819d59012155603f0b22ad30cad752600aadfcb695265519a"
dependencies = [
 "bitflags",
]

[[package]]
name = "redox_users"
version = "0.4.3"
source = "registry+https://github.com/rust-lang/crates.io-index"
checksum = "b033d837a7cf162d7993aded9304e30a83213c648b6e389db233191f891e5c2b"
dependencies = [
 "getrandom",
 "redox_syscall",
 "thiserror",
]

[[package]]
name = "remove_dir_all"
version = "0.5.3"
source = "registry+https://github.com/rust-lang/crates.io-index"
checksum = "3acd125665422973a33ac9d3dd2df85edad0f4ae9b00dafb1a05e43a9f5ef8e7"
dependencies = [
 "winapi 0.3.9",
]

[[package]]
name = "rusqlite"
version = "0.27.0"
source = "registry+https://github.com/rust-lang/crates.io-index"
checksum = "85127183a999f7db96d1a976a309eebbfb6ea3b0b400ddd8340190129de6eb7a"
dependencies = [
 "bitflags",
 "fallible-iterator",
 "fallible-streaming-iterator",
 "hashlink",
 "libsqlite3-sys",
 "memchr",
 "smallvec",
]

[[package]]
name = "same-file"
version = "1.0.6"
source = "registry+https://github.com/rust-lang/crates.io-index"
checksum = "93fc1dc3aaa9bfed95e02e6eadabb4baf7e3078b0bd1b4d7b6b0b68378900502"
dependencies = [
 "winapi-util",
]

[[package]]
name = "schannel"
version = "0.1.20"
source = "registry+https://github.com/rust-lang/crates.io-index"
checksum = "88d6731146462ea25d9244b2ed5fd1d716d25c52e4d54aa4fb0f3c4e9854dbe2"
dependencies = [
 "lazy_static",
 "windows-sys",
]

[[package]]
name = "security-framework"
version = "2.6.1"
source = "registry+https://github.com/rust-lang/crates.io-index"
checksum = "2dc14f172faf8a0194a3aded622712b0de276821addc574fa54fc0a1167e10dc"
dependencies = [
 "bitflags",
 "core-foundation",
 "core-foundation-sys",
 "libc",
 "security-framework-sys",
]

[[package]]
name = "security-framework-sys"
version = "2.6.1"
source = "registry+https://github.com/rust-lang/crates.io-index"
checksum = "0160a13a177a45bfb43ce71c01580998474f556ad854dcbca936dd2841a5c556"
dependencies = [
 "core-foundation-sys",
 "libc",
]

[[package]]
name = "serde"
version = "1.0.140"
source = "registry+https://github.com/rust-lang/crates.io-index"
checksum = "fc855a42c7967b7c369eb5860f7164ef1f6f81c20c7cc1141f2a604e18723b03"

[[package]]
name = "serde_derive"
version = "1.0.140"
source = "registry+https://github.com/rust-lang/crates.io-index"
checksum = "6f2122636b9fe3b81f1cb25099fcf2d3f542cdb1d45940d56c713158884a05da"
dependencies = [
 "proc-macro2",
 "quote",
 "syn",
]

[[package]]
name = "sha1_smol"
version = "1.0.0"
source = "registry+https://github.com/rust-lang/crates.io-index"
checksum = "ae1a47186c03a32177042e55dbc5fd5aee900b8e0069a8d70fba96a9375cd012"

[[package]]
name = "signal-hook"
version = "0.3.14"
source = "registry+https://github.com/rust-lang/crates.io-index"
checksum = "a253b5e89e2698464fc26b545c9edceb338e18a89effeeecfea192c3025be29d"
dependencies = [
 "libc",
 "signal-hook-registry",
]

[[package]]
name = "signal-hook-registry"
version = "1.4.0"
source = "registry+https://github.com/rust-lang/crates.io-index"
checksum = "e51e73328dc4ac0c7ccbda3a494dfa03df1de2f46018127f60c693f2648455b0"
dependencies = [
 "libc",
]

[[package]]
name = "slab"
version = "0.4.7"
source = "registry+https://github.com/rust-lang/crates.io-index"
checksum = "4614a76b2a8be0058caa9dbbaf66d988527d86d003c11a94fbd335d7661edcef"
dependencies = [
 "autocfg",
]

[[package]]
name = "smallvec"
version = "1.9.0"
source = "registry+https://github.com/rust-lang/crates.io-index"
checksum = "2fd0db749597d91ff862fd1d55ea87f7855a744a8425a64695b6fca237d1dad1"
dependencies = [
 "serde",
]

[[package]]
name = "smol"
version = "1.2.5"
source = "registry+https://github.com/rust-lang/crates.io-index"
checksum = "85cf3b5351f3e783c1d79ab5fc604eeed8b8ae9abd36b166e8b87a089efd85e4"
dependencies = [
 "async-channel",
 "async-executor",
 "async-fs",
 "async-io",
 "async-lock",
 "async-net",
 "async-process",
 "blocking",
 "futures-lite",
 "once_cell",
]

[[package]]
name = "socket2"
version = "0.4.4"
source = "registry+https://github.com/rust-lang/crates.io-index"
checksum = "66d72b759436ae32898a2af0a14218dbf55efde3feeb170eb623637db85ee1e0"
dependencies = [
 "libc",
 "winapi 0.3.9",
]

[[package]]
name = "syn"
version = "1.0.98"
source = "registry+https://github.com/rust-lang/crates.io-index"
checksum = "c50aef8a904de4c23c788f104b7dddc7d6f79c647c7c8ce4cc8f73eb0ca773dd"
dependencies = [
 "proc-macro2",
 "quote",
 "unicode-ident",
]

[[package]]
name = "tempfile"
version = "3.3.0"
source = "registry+https://github.com/rust-lang/crates.io-index"
checksum = "5cdb1ef4eaeeaddc8fbd371e5017057064af0911902ef36b39801f67cc6d79e4"
dependencies = [
 "cfg-if 1.0.0",
 "fastrand",
 "libc",
 "redox_syscall",
 "remove_dir_all",
 "winapi 0.3.9",
]

[[package]]
name = "thiserror"
version = "1.0.31"
source = "registry+https://github.com/rust-lang/crates.io-index"
checksum = "bd829fe32373d27f76265620b5309d0340cb8550f523c1dda251d6298069069a"
dependencies = [
 "thiserror-impl",
]

[[package]]
name = "thiserror-impl"
version = "1.0.31"
source = "registry+https://github.com/rust-lang/crates.io-index"
checksum = "0396bc89e626244658bef819e22d0cc459e795a5ebe878e6ec336d1674a8d79a"
dependencies = [
 "proc-macro2",
 "quote",
 "syn",
]

[[package]]
name = "unicode-ident"
version = "1.0.2"
source = "registry+https://github.com/rust-lang/crates.io-index"
checksum = "15c61ba63f9235225a22310255a29b806b907c9b8c964bcbd0a2c70f3f2deea7"

[[package]]
name = "unicode-segmentation"
version = "1.9.0"
source = "registry+https://github.com/rust-lang/crates.io-index"
checksum = "7e8820f5d777f6224dc4be3632222971ac30164d4a258d595640799554ebfd99"

[[package]]
name = "uuid"
version = "1.1.2"
source = "registry+https://github.com/rust-lang/crates.io-index"
checksum = "dd6469f4314d5f1ffec476e05f17cc9a78bc7a27a6a857842170bdf8d6f98d2f"
dependencies = [
 "getrandom",
 "serde",
 "sha1_smol",
]

[[package]]
name = "vcpkg"
version = "0.2.15"
source = "registry+https://github.com/rust-lang/crates.io-index"
checksum = "accd4ea62f7bb7a82fe23066fb0957d48ef677f6eeb8215f372f52e48bb32426"

[[package]]
name = "version_check"
version = "0.9.4"
source = "registry+https://github.com/rust-lang/crates.io-index"
checksum = "49874b5167b65d7193b8aba1567f5c7d93d001cafc34600cee003eda787e483f"

[[package]]
name = "waker-fn"
version = "1.1.0"
source = "registry+https://github.com/rust-lang/crates.io-index"
checksum = "9d5b2c62b4012a3e1eca5a7e077d13b3bf498c4073e33ccd58626607748ceeca"

[[package]]
name = "walkdir"
version = "2.3.2"
source = "registry+https://github.com/rust-lang/crates.io-index"
checksum = "808cf2735cd4b6866113f648b791c6adc5714537bc222d9347bb203386ffda56"
dependencies = [
 "same-file",
 "winapi 0.3.9",
 "winapi-util",
]

[[package]]
name = "wasi"
version = "0.11.0+wasi-snapshot-preview1"
source = "registry+https://github.com/rust-lang/crates.io-index"
checksum = "9c8d87e72b64a3b4db28d11ce29237c246188f4f51057d65a7eab63b7987e423"

[[package]]
name = "wepoll-ffi"
version = "0.1.2"
source = "registry+https://github.com/rust-lang/crates.io-index"
checksum = "d743fdedc5c64377b5fc2bc036b01c7fd642205a0d96356034ae3404d49eb7fb"
dependencies = [
 "cc",
]

[[package]]
name = "winapi"
version = "0.2.8"
source = "registry+https://github.com/rust-lang/crates.io-index"
checksum = "167dc9d6949a9b857f3451275e911c3f44255842c1f7a76f33c55103a909087a"

[[package]]
name = "winapi"
version = "0.3.9"
source = "registry+https://github.com/rust-lang/crates.io-index"
checksum = "5c839a674fcd7a98952e593242ea400abe93992746761e38641405d28b00f419"
dependencies = [
 "winapi-i686-pc-windows-gnu",
 "winapi-x86_64-pc-windows-gnu",
]

[[package]]
name = "winapi-build"
version = "0.1.1"
source = "registry+https://github.com/rust-lang/crates.io-index"
checksum = "2d315eee3b34aca4797b2da6b13ed88266e6d612562a0c46390af8299fc699bc"

[[package]]
name = "winapi-i686-pc-windows-gnu"
version = "0.4.0"
source = "registry+https://github.com/rust-lang/crates.io-index"
checksum = "ac3b87c63620426dd9b991e5ce0329eff545bccbbb34f3be09ff6fb6ab51b7b6"

[[package]]
name = "winapi-util"
version = "0.1.5"
source = "registry+https://github.com/rust-lang/crates.io-index"
checksum = "70ec6ce85bb158151cae5e5c87f95a8e97d2c0c4b001223f33a334e3ce5de178"
dependencies = [
 "winapi 0.3.9",
]

[[package]]
name = "winapi-x86_64-pc-windows-gnu"
version = "0.4.0"
source = "registry+https://github.com/rust-lang/crates.io-index"
checksum = "712e227841d057c1ee1cd2fb22fa7e5a5461ae8e48fa2ca79ec42cfc1931183f"

[[package]]
name = "windows-sys"
version = "0.36.1"
source = "registry+https://github.com/rust-lang/crates.io-index"
checksum = "ea04155a16a59f9eab786fe12a4a450e75cdb175f9e0d80da1e17db09f55b8d2"
dependencies = [
 "windows_aarch64_msvc",
 "windows_i686_gnu",
 "windows_i686_msvc",
 "windows_x86_64_gnu",
 "windows_x86_64_msvc",
]

[[package]]
name = "windows_aarch64_msvc"
version = "0.36.1"
source = "registry+https://github.com/rust-lang/crates.io-index"
checksum = "9bb8c3fd39ade2d67e9874ac4f3db21f0d710bee00fe7cab16949ec184eeaa47"

[[package]]
name = "windows_i686_gnu"
version = "0.36.1"
source = "registry+https://github.com/rust-lang/crates.io-index"
checksum = "180e6ccf01daf4c426b846dfc66db1fc518f074baa793aa7d9b9aaeffad6a3b6"

[[package]]
name = "windows_i686_msvc"
version = "0.36.1"
source = "registry+https://github.com/rust-lang/crates.io-index"
checksum = "e2e7917148b2812d1eeafaeb22a97e4813dfa60a3f8f78ebe204bcc88f12f024"

[[package]]
name = "windows_x86_64_gnu"
version = "0.36.1"
source = "registry+https://github.com/rust-lang/crates.io-index"
checksum = "4dcd171b8776c41b97521e5da127a2d86ad280114807d0b2ab1e462bc764d9e1"

[[package]]
name = "windows_x86_64_msvc"
version = "0.36.1"
source = "registry+https://github.com/rust-lang/crates.io-index"
checksum = "c811ca4a8c853ef420abd8592ba53ddbbac90410fab6903b3e79972a631f7680"

[[package]]
name = "ws2_32-sys"
version = "0.2.1"
source = "registry+https://github.com/rust-lang/crates.io-index"
checksum = "d59cefebd0c892fa2dd6de581e937301d8552cb44489cdff035c6187cb63fa5e"
dependencies = [
 "winapi 0.2.8",
 "winapi-build",
]

[[package]]
name = "xdg"
version = "2.4.1"
source = "registry+https://github.com/rust-lang/crates.io-index"
checksum = "0c4583db5cbd4c4c0303df2d15af80f0539db703fa1c68802d4cbbd2dd0f88f6"
dependencies = [
 "dirs",
]

[[package]]
name = "xdg-utils"
version = "0.4.0"
source = "registry+https://github.com/rust-lang/crates.io-index"
checksum = "db9fefe62d5969721e2cfc529e6a760901cc0da422b6d67e7bfd18e69490dba6"
